
Microsoft Visual Studio Solution File, Format Version 12.00
# Visual Studio 15
VisualStudioVersion = 15.0.28307.136
MinimumVisualStudioVersion = 10.0.40219.1
Project("{9A19103F-16F7-4668-BE54-9A1E7A4F7556}") = "Server", "Server\Server.csproj", "{04A33C0F-723A-4008-908D-8ADCBBC5DA21}"
EndProject
Project("{9A19103F-16F7-4668-BE54-9A1E7A4F7556}") = "Client", "Client\Client.csproj", "{7957CB86-CEFB-4EEE-A99D-F5F47243471B}"
EndProject
Global
	GlobalSection(SolutionConfigurationPlatforms) = preSolution
		Debug|Any CPU = Debug|Any CPU
		Release|Any CPU = Release|Any CPU
	EndGlobalSection
	GlobalSection(ProjectConfigurationPlatforms) = postSolution
		{04A33C0F-723A-4008-908D-8ADCBBC5DA21}.Debug|Any CPU.ActiveCfg = Debug|Any CPU
		{04A33C0F-723A-4008-908D-8ADCBBC5DA21}.Debug|Any CPU.Build.0 = Debug|Any CPU
		{04A33C0F-723A-4008-908D-8ADCBBC5DA21}.Release|Any CPU.ActiveCfg = Release|Any CPU
		{04A33C0F-723A-4008-908D-8ADCBBC5DA21}.Release|Any CPU.Build.0 = Release|Any CPU
		{7957CB86-CEFB-4EEE-A99D-F5F47243471B}.Debug|Any CPU.ActiveCfg = Debug|Any CPU
		{7957CB86-CEFB-4EEE-A99D-F5F47243471B}.Debug|Any CPU.Build.0 = Debug|Any CPU
		{7957CB86-CEFB-4EEE-A99D-F5F47243471B}.Release|Any CPU.ActiveCfg = Release|Any CPU
		{7957CB86-CEFB-4EEE-A99D-F5F47243471B}.Release|Any CPU.Build.0 = Release|Any CPU
	EndGlobalSection
	GlobalSection(SolutionProperties) = preSolution
		HideSolutionNode = FALSE
	EndGlobalSection
	GlobalSection(ExtensibilityGlobals) = postSolution
		SolutionGuid = {A9FAE882-B7BD-439D-8591-00D7D3CC5151}
	EndGlobalSection
EndGlobal
